table:
  name: lock
  schema: sequent_backend
insert_permissions:
  - role: service-account
    permission:
      check: {}
      columns:
        - key
        - value
        - expiry_date
    comment: ""
select_permissions:
  - role: service-account
    permission:
      columns:
        - key
        - value
        - expiry_date
      filter: {}
      allow_aggregations: true
    comment: ""
update_permissions:
  - role: service-account
    permission:
      columns:
        - key
        - value
        - expiry_date
      filter: {}
      check: {}
    comment: ""
delete_permissions:
  - role: service-account
    permission:
      filter: {}
    comment: ""
